{
  "originHash" : "552d8169839e02b741214bfd08a653cc22e86445461d27ad30549f0eb52079df",
  "pins" : [
    {
      "identity" : "designsystem-onlinestore",
      "kind" : "remoteSourceControl",
      "location" : "https://github.com/IncognitoCxde/DesignSystem-OnlineStore",
      "state" : {
        "branch" : "main",
        "revision" : "1894f4e6b3d8b3512516896ba4dbe648e1392ab8"
      }
    },
    {
      "identity" : "snapkit",
      "kind" : "remoteSourceControl",
      "location" : "https://github.com/SnapKit/SnapKit",
      "state" : {
        "revision" : "2842e6e84e82eb9a8dac0100ca90d9444b0307f4",
        "version" : "5.7.1"
      }
    }
  ],
  "version" : 3
}
