{
  "originHash" : "f12e6a89664f7d9d3756fccc18865edc474803f3a9b1aa913e56da1e85ead263",
  "pins" : [
    {
      "identity" : "designsystem-onlinestore",
      "kind" : "remoteSourceControl",
      "location" : "https://github.com/IncognitoCxde/DesignSystem-OnlineStore.git",
      "state" : {
        "branch" : "main",
        "revision" : "5637b51e46c2780b224032f792b67f4202673934"
      }
    },
    {
      "identity" : "snapkit",
      "kind" : "remoteSourceControl",
      "location" : "https://github.com/SnapKit/SnapKit",
      "state" : {
        "revision" : "2842e6e84e82eb9a8dac0100ca90d9444b0307f4",
        "version" : "5.7.1"
      }
    }
  ],
  "version" : 3
}
